
Microsoft Visual Studio Solution File, Format Version 12.00
# Visual Studio Version 17
VisualStudioVersion = 17.2.32516.85
MinimumVisualStudioVersion = 10.0.40219.1
Project("{2150E333-8FDC-42A3-9474-1A3956D46DE8}") = "Core", "Core", "{C7EB8D8D-CC46-4C9B-9157-C33ADD61C6BB}"
EndProject
Project("{2150E333-8FDC-42A3-9474-1A3956D46DE8}") = "API", "API", "{3F2EE28E-FC54-4677-8726-8B05A3AEF6CE}"
EndProject
Project("{9A19103F-16F7-4668-BE54-9A1E7A4F7556}") = "SimpleExpenseTracker.API", "SimpleExpenseTracker.API\SimpleExpenseTracker.API.csproj", "{53ED1DE2-A45B-4A4E-80F5-E168B0A2EFB4}"
EndProject
Project("{FAE04EC0-301F-11D3-BF4B-00C04F79EFBC}") = "Domain", "Domain\Domain.csproj", "{09D96A39-2620-432D-B8B9-BC48C2B9D4FB}"
EndProject
Project("{FAE04EC0-301F-11D3-BF4B-00C04F79EFBC}") = "Infra", "Infra\Infra.csproj", "{D16E6058-9DDF-43B4-8E92-DE6CE1683758}"
EndProject
Global
	GlobalSection(SolutionConfigurationPlatforms) = preSolution
		Debug|Any CPU = Debug|Any CPU
		Release|Any CPU = Release|Any CPU
	EndGlobalSection
	GlobalSection(ProjectConfigurationPlatforms) = postSolution
		{53ED1DE2-A45B-4A4E-80F5-E168B0A2EFB4}.Debug|Any CPU.ActiveCfg = Debug|Any CPU
		{53ED1DE2-A45B-4A4E-80F5-E168B0A2EFB4}.Debug|Any CPU.Build.0 = Debug|Any CPU
		{53ED1DE2-A45B-4A4E-80F5-E168B0A2EFB4}.Release|Any CPU.ActiveCfg = Release|Any CPU
		{53ED1DE2-A45B-4A4E-80F5-E168B0A2EFB4}.Release|Any CPU.Build.0 = Release|Any CPU
		{09D96A39-2620-432D-B8B9-BC48C2B9D4FB}.Debug|Any CPU.ActiveCfg = Debug|Any CPU
		{09D96A39-2620-432D-B8B9-BC48C2B9D4FB}.Debug|Any CPU.Build.0 = Debug|Any CPU
		{09D96A39-2620-432D-B8B9-BC48C2B9D4FB}.Release|Any CPU.ActiveCfg = Release|Any CPU
		{09D96A39-2620-432D-B8B9-BC48C2B9D4FB}.Release|Any CPU.Build.0 = Release|Any CPU
		{D16E6058-9DDF-43B4-8E92-DE6CE1683758}.Debug|Any CPU.ActiveCfg = Debug|Any CPU
		{D16E6058-9DDF-43B4-8E92-DE6CE1683758}.Debug|Any CPU.Build.0 = Debug|Any CPU
		{D16E6058-9DDF-43B4-8E92-DE6CE1683758}.Release|Any CPU.ActiveCfg = Release|Any CPU
		{D16E6058-9DDF-43B4-8E92-DE6CE1683758}.Release|Any CPU.Build.0 = Release|Any CPU
	EndGlobalSection
	GlobalSection(SolutionProperties) = preSolution
		HideSolutionNode = FALSE
	EndGlobalSection
	GlobalSection(NestedProjects) = preSolution
		{53ED1DE2-A45B-4A4E-80F5-E168B0A2EFB4} = {3F2EE28E-FC54-4677-8726-8B05A3AEF6CE}
		{09D96A39-2620-432D-B8B9-BC48C2B9D4FB} = {C7EB8D8D-CC46-4C9B-9157-C33ADD61C6BB}
		{D16E6058-9DDF-43B4-8E92-DE6CE1683758} = {C7EB8D8D-CC46-4C9B-9157-C33ADD61C6BB}
	EndGlobalSection
	GlobalSection(ExtensibilityGlobals) = postSolution
		SolutionGuid = {3DC10540-3250-419B-AD63-F98AA0C45094}
	EndGlobalSection
EndGlobal
